
Microsoft Visual Studio Solution File, Format Version 12.00
# Visual Studio Version 16
VisualStudioVersion = 16.0.29324.140
MinimumVisualStudioVersion = 10.0.40219.1
Project("{FAE04EC0-301F-11D3-BF4B-00C04F79EFBC}") = "MATHGEEK", "MATHGEEK.csproj", "{B2458D3F-C923-428C-8665-456A9E66CEA6}"
EndProject
Global
	GlobalSection(SolutionConfigurationPlatforms) = preSolution
		Debug|Any CPU = Debug|Any CPU
		Release|Any CPU = Release|Any CPU
	EndGlobalSection
	GlobalSection(ProjectConfigurationPlatforms) = postSolution
		{B2458D3F-C923-428C-8665-456A9E66CEA6}.Debug|Any CPU.ActiveCfg = Debug|Any CPU
		{B2458D3F-C923-428C-8665-456A9E66CEA6}.Debug|Any CPU.Build.0 = Debug|Any CPU
		{B2458D3F-C923-428C-8665-456A9E66CEA6}.Debug|Any CPU.Deploy.0 = Debug|Any CPU
		{B2458D3F-C923-428C-8665-456A9E66CEA6}.Release|Any CPU.ActiveCfg = Release|Any CPU
		{B2458D3F-C923-428C-8665-456A9E66CEA6}.Release|Any CPU.Build.0 = Release|Any CPU
		{B2458D3F-C923-428C-8665-456A9E66CEA6}.Release|Any CPU.Deploy.0 = Release|Any CPU
	EndGlobalSection
	GlobalSection(SolutionProperties) = preSolution
		HideSolutionNode = FALSE
	EndGlobalSection
	GlobalSection(ExtensibilityGlobals) = postSolution
		SolutionGuid = {68ABBB18-F991-4000-9AEF-4EE80FECC38F}
	EndGlobalSection
EndGlobal
